
Microsoft Visual Studio Solution File, Format Version 12.00
# Visual Studio Version 17
VisualStudioVersion = 17.0.31903.59
MinimumVisualStudioVersion = 10.0.40219.1
Project("{FAE04EC0-301F-11D3-BF4B-00C04F79EFBC}") = "ToolShare.Api", "ToolShare.Api\ToolShare.Api.csproj", "{E7199E52-5499-4F7C-8EA5-39DF5165598B}"
EndProject
Project("{FAE04EC0-301F-11D3-BF4B-00C04F79EFBC}") = "ToolShare.Data", "ToolShare.Data\ToolShare.Data.csproj", "{26DC4BF2-0B25-4775-8BA8-C2AF73D1E043}"
EndProject
Project("{FAE04EC0-301F-11D3-BF4B-00C04F79EFBC}") = "ToolShare.UI", "ToolShare.UI\ToolShare.UI.csproj", "{089181AD-444C-472A-8784-70A2D12DE0D6}"
EndProject
Project("{FAE04EC0-301F-11D3-BF4B-00C04F79EFBC}") = "ToolShare.Tests", "ToolShare.Tests\ToolShare.Tests.csproj", "{5EFAC058-BD05-4361-9D03-B1D1479613A0}"
EndProject
Global
	GlobalSection(SolutionConfigurationPlatforms) = preSolution
		Debug|Any CPU = Debug|Any CPU
		Release|Any CPU = Release|Any CPU
	EndGlobalSection
	GlobalSection(SolutionProperties) = preSolution
		HideSolutionNode = FALSE
	EndGlobalSection
	GlobalSection(ProjectConfigurationPlatforms) = postSolution
		{E7199E52-5499-4F7C-8EA5-39DF5165598B}.Debug|Any CPU.ActiveCfg = Debug|Any CPU
		{E7199E52-5499-4F7C-8EA5-39DF5165598B}.Debug|Any CPU.Build.0 = Debug|Any CPU
		{E7199E52-5499-4F7C-8EA5-39DF5165598B}.Release|Any CPU.ActiveCfg = Release|Any CPU
		{E7199E52-5499-4F7C-8EA5-39DF5165598B}.Release|Any CPU.Build.0 = Release|Any CPU
		{26DC4BF2-0B25-4775-8BA8-C2AF73D1E043}.Debug|Any CPU.ActiveCfg = Debug|Any CPU
		{26DC4BF2-0B25-4775-8BA8-C2AF73D1E043}.Debug|Any CPU.Build.0 = Debug|Any CPU
		{26DC4BF2-0B25-4775-8BA8-C2AF73D1E043}.Release|Any CPU.ActiveCfg = Release|Any CPU
		{26DC4BF2-0B25-4775-8BA8-C2AF73D1E043}.Release|Any CPU.Build.0 = Release|Any CPU
		{089181AD-444C-472A-8784-70A2D12DE0D6}.Debug|Any CPU.ActiveCfg = Debug|Any CPU
		{089181AD-444C-472A-8784-70A2D12DE0D6}.Debug|Any CPU.Build.0 = Debug|Any CPU
		{089181AD-444C-472A-8784-70A2D12DE0D6}.Release|Any CPU.ActiveCfg = Release|Any CPU
		{089181AD-444C-472A-8784-70A2D12DE0D6}.Release|Any CPU.Build.0 = Release|Any CPU
		{5EFAC058-BD05-4361-9D03-B1D1479613A0}.Debug|Any CPU.ActiveCfg = Debug|Any CPU
		{5EFAC058-BD05-4361-9D03-B1D1479613A0}.Debug|Any CPU.Build.0 = Debug|Any CPU
		{5EFAC058-BD05-4361-9D03-B1D1479613A0}.Release|Any CPU.ActiveCfg = Release|Any CPU
		{5EFAC058-BD05-4361-9D03-B1D1479613A0}.Release|Any CPU.Build.0 = Release|Any CPU
	EndGlobalSection
EndGlobal
